
Microsoft Visual Studio Solution File, Format Version 12.00
Project("{FAE04EC0-301F-11D3-BF4B-00C04F79EFBC}") = "TBNF", "TBNF\TBNF.csproj", "{F376083F-BB65-4D54-8DF3-9F4636A85413}"
EndProject
Project("{FAE04EC0-301F-11D3-BF4B-00C04F79EFBC}") = "TBNFClient", "SampleProjects\TBNFClient\TBNFClient.csproj", "{C22275C6-8924-43A4-9C31-452595595893}"
EndProject
Project("{2150E333-8FDC-42A3-9474-1A3956D46DE8}") = "SampleProjects", "SampleProjects", "{921ED374-C397-400F-B62A-9E4745A516A0}"
EndProject
Project("{FAE04EC0-301F-11D3-BF4B-00C04F79EFBC}") = "TBNFHost", "SampleProjects\TBNFHost\TBNFHost.csproj", "{791F7F16-401B-4D0F-95DE-EA95DB311AEC}"
EndProject
Project("{FAE04EC0-301F-11D3-BF4B-00C04F79EFBC}") = "Shared", "SampleProjects\Shared\Shared.csproj", "{CC6A217E-D37A-4663-971D-E38D0DB89E49}"
EndProject
Global
	GlobalSection(SolutionConfigurationPlatforms) = preSolution
		Debug|Any CPU = Debug|Any CPU
		Release|Any CPU = Release|Any CPU
	EndGlobalSection
	GlobalSection(ProjectConfigurationPlatforms) = postSolution
		{F376083F-BB65-4D54-8DF3-9F4636A85413}.Debug|Any CPU.ActiveCfg = Debug|Any CPU
		{F376083F-BB65-4D54-8DF3-9F4636A85413}.Debug|Any CPU.Build.0 = Debug|Any CPU
		{F376083F-BB65-4D54-8DF3-9F4636A85413}.Release|Any CPU.ActiveCfg = Release|Any CPU
		{F376083F-BB65-4D54-8DF3-9F4636A85413}.Release|Any CPU.Build.0 = Release|Any CPU
		{C22275C6-8924-43A4-9C31-452595595893}.Debug|Any CPU.ActiveCfg = Debug|Any CPU
		{C22275C6-8924-43A4-9C31-452595595893}.Debug|Any CPU.Build.0 = Debug|Any CPU
		{C22275C6-8924-43A4-9C31-452595595893}.Release|Any CPU.ActiveCfg = Release|Any CPU
		{C22275C6-8924-43A4-9C31-452595595893}.Release|Any CPU.Build.0 = Release|Any CPU
		{791F7F16-401B-4D0F-95DE-EA95DB311AEC}.Debug|Any CPU.ActiveCfg = Debug|Any CPU
		{791F7F16-401B-4D0F-95DE-EA95DB311AEC}.Debug|Any CPU.Build.0 = Debug|Any CPU
		{791F7F16-401B-4D0F-95DE-EA95DB311AEC}.Release|Any CPU.ActiveCfg = Release|Any CPU
		{791F7F16-401B-4D0F-95DE-EA95DB311AEC}.Release|Any CPU.Build.0 = Release|Any CPU
		{CC6A217E-D37A-4663-971D-E38D0DB89E49}.Debug|Any CPU.ActiveCfg = Debug|Any CPU
		{CC6A217E-D37A-4663-971D-E38D0DB89E49}.Debug|Any CPU.Build.0 = Debug|Any CPU
		{CC6A217E-D37A-4663-971D-E38D0DB89E49}.Release|Any CPU.ActiveCfg = Release|Any CPU
		{CC6A217E-D37A-4663-971D-E38D0DB89E49}.Release|Any CPU.Build.0 = Release|Any CPU
	EndGlobalSection
	GlobalSection(NestedProjects) = preSolution
		{C22275C6-8924-43A4-9C31-452595595893} = {921ED374-C397-400F-B62A-9E4745A516A0}
		{791F7F16-401B-4D0F-95DE-EA95DB311AEC} = {921ED374-C397-400F-B62A-9E4745A516A0}
		{CC6A217E-D37A-4663-971D-E38D0DB89E49} = {921ED374-C397-400F-B62A-9E4745A516A0}
	EndGlobalSection
EndGlobal
