
Microsoft Visual Studio Solution File, Format Version 12.00
Project("{FAE04EC0-301F-11D3-BF4B-00C04F79EFBC}") = "TBNF", "TBNF\TBNF.csproj", "{F376083F-BB65-4D54-8DF3-9F4636A85413}"
EndProject
Project("{FAE04EC0-301F-11D3-BF4B-00C04F79EFBC}") = "SampleProject", "SampleProject\SampleProject.csproj", "{C22275C6-8924-43A4-9C31-452595595893}"
EndProject
Global
	GlobalSection(SolutionConfigurationPlatforms) = preSolution
		Debug|Any CPU = Debug|Any CPU
		Release|Any CPU = Release|Any CPU
	EndGlobalSection
	GlobalSection(ProjectConfigurationPlatforms) = postSolution
		{F376083F-BB65-4D54-8DF3-9F4636A85413}.Debug|Any CPU.ActiveCfg = Debug|Any CPU
		{F376083F-BB65-4D54-8DF3-9F4636A85413}.Debug|Any CPU.Build.0 = Debug|Any CPU
		{F376083F-BB65-4D54-8DF3-9F4636A85413}.Release|Any CPU.ActiveCfg = Release|Any CPU
		{F376083F-BB65-4D54-8DF3-9F4636A85413}.Release|Any CPU.Build.0 = Release|Any CPU
		{C22275C6-8924-43A4-9C31-452595595893}.Debug|Any CPU.ActiveCfg = Debug|Any CPU
		{C22275C6-8924-43A4-9C31-452595595893}.Debug|Any CPU.Build.0 = Debug|Any CPU
		{C22275C6-8924-43A4-9C31-452595595893}.Release|Any CPU.ActiveCfg = Release|Any CPU
		{C22275C6-8924-43A4-9C31-452595595893}.Release|Any CPU.Build.0 = Release|Any CPU
	EndGlobalSection
EndGlobal
