
Microsoft Visual Studio Solution File, Format Version 12.00
# Visual Studio Version 16
VisualStudioVersion = 16.0.30804.86
MinimumVisualStudioVersion = 10.0.40219.1
Project("{9A19103F-16F7-4668-BE54-9A1E7A4F7556}") = "TBNF", "TBNF\TBNF.csproj", "{F376083F-BB65-4D54-8DF3-9F4636A85413}"
EndProject
Project("{2150E333-8FDC-42A3-9474-1A3956D46DE8}") = "SampleProjects", "SampleProjects", "{921ED374-C397-400F-B62A-9E4745A516A0}"
EndProject
Project("{9A19103F-16F7-4668-BE54-9A1E7A4F7556}") = "Shared", "SampleProjects\Shared\Shared.csproj", "{CC6A217E-D37A-4663-971D-E38D0DB89E49}"
EndProject
Project("{FAE04EC0-301F-11D3-BF4B-00C04F79EFBC}") = "SampleClient", "SampleProjects\SampleClient\SampleClient.csproj", "{EA70B39F-A8A2-46B8-A766-16E092F48C66}"
EndProject
Project("{FAE04EC0-301F-11D3-BF4B-00C04F79EFBC}") = "SampleHost", "SampleProjects\SampleHost\SampleHost.csproj", "{6B75D81D-5597-46F3-93CB-063BC78F297D}"
EndProject
Global
	GlobalSection(SolutionConfigurationPlatforms) = preSolution
		Debug|Any CPU = Debug|Any CPU
		Release|Any CPU = Release|Any CPU
	EndGlobalSection
	GlobalSection(ProjectConfigurationPlatforms) = postSolution
		{F376083F-BB65-4D54-8DF3-9F4636A85413}.Debug|Any CPU.ActiveCfg = Debug|Any CPU
		{F376083F-BB65-4D54-8DF3-9F4636A85413}.Debug|Any CPU.Build.0 = Debug|Any CPU
		{F376083F-BB65-4D54-8DF3-9F4636A85413}.Release|Any CPU.ActiveCfg = Release|Any CPU
		{F376083F-BB65-4D54-8DF3-9F4636A85413}.Release|Any CPU.Build.0 = Release|Any CPU
		{CC6A217E-D37A-4663-971D-E38D0DB89E49}.Debug|Any CPU.ActiveCfg = Debug|Any CPU
		{CC6A217E-D37A-4663-971D-E38D0DB89E49}.Debug|Any CPU.Build.0 = Debug|Any CPU
		{CC6A217E-D37A-4663-971D-E38D0DB89E49}.Release|Any CPU.ActiveCfg = Release|Any CPU
		{CC6A217E-D37A-4663-971D-E38D0DB89E49}.Release|Any CPU.Build.0 = Release|Any CPU
		{EA70B39F-A8A2-46B8-A766-16E092F48C66}.Debug|Any CPU.ActiveCfg = Debug|Any CPU
		{EA70B39F-A8A2-46B8-A766-16E092F48C66}.Debug|Any CPU.Build.0 = Debug|Any CPU
		{EA70B39F-A8A2-46B8-A766-16E092F48C66}.Release|Any CPU.ActiveCfg = Release|Any CPU
		{EA70B39F-A8A2-46B8-A766-16E092F48C66}.Release|Any CPU.Build.0 = Release|Any CPU
		{6B75D81D-5597-46F3-93CB-063BC78F297D}.Debug|Any CPU.ActiveCfg = Debug|Any CPU
		{6B75D81D-5597-46F3-93CB-063BC78F297D}.Debug|Any CPU.Build.0 = Debug|Any CPU
		{6B75D81D-5597-46F3-93CB-063BC78F297D}.Release|Any CPU.ActiveCfg = Release|Any CPU
		{6B75D81D-5597-46F3-93CB-063BC78F297D}.Release|Any CPU.Build.0 = Release|Any CPU
	EndGlobalSection
	GlobalSection(SolutionProperties) = preSolution
		HideSolutionNode = FALSE
	EndGlobalSection
	GlobalSection(NestedProjects) = preSolution
		{CC6A217E-D37A-4663-971D-E38D0DB89E49} = {921ED374-C397-400F-B62A-9E4745A516A0}
		{EA70B39F-A8A2-46B8-A766-16E092F48C66} = {921ED374-C397-400F-B62A-9E4745A516A0}
		{6B75D81D-5597-46F3-93CB-063BC78F297D} = {921ED374-C397-400F-B62A-9E4745A516A0}
	EndGlobalSection
	GlobalSection(ExtensibilityGlobals) = postSolution
		SolutionGuid = {3411FEBA-1A6C-4BB2-89F7-813FB005DD28}
	EndGlobalSection
EndGlobal
